
Microsoft Visual Studio Solution File, Format Version 12.00
# Visual Studio 14
VisualStudioVersion = 14.0.25420.1
MinimumVisualStudioVersion = 10.0.40219.1
Project("{FAE04EC0-301F-11D3-BF4B-00C04F79EFBC}") = "WebAppMvc", "WebAppMvc\WebAppMvc.csproj", "{44DD1999-AF19-49B8-B122-D3C8019FA83F}"
EndProject
Project("{FAE04EC0-301F-11D3-BF4B-00C04F79EFBC}") = "Common", "Common\Common.csproj", "{72834930-35FD-4D80-AFBB-545285A16A75}"
EndProject
Project("{FAE04EC0-301F-11D3-BF4B-00C04F79EFBC}") = "ModelEF", "ModelEF\ModelEF.csproj", "{91929338-7E00-482F-AE7D-6E4DADB335EE}"
EndProject
Project("{FAE04EC0-301F-11D3-BF4B-00C04F79EFBC}") = "WebAppMvcHelper", "WebAppMvcHelper\WebAppMvcHelper.csproj", "{78BBEB54-8236-43CB-919F-67B1EA8F1ACE}"
EndProject
Project("{FAE04EC0-301F-11D3-BF4B-00C04F79EFBC}") = "IBLL", "IBLL\IBLL.csproj", "{AADC9D71-E35E-4E05-BC2D-7FEB18786337}"
EndProject
Project("{FAE04EC0-301F-11D3-BF4B-00C04F79EFBC}") = "DI", "DI\DI.csproj", "{7F17F35F-3CE3-4D8B-B79C-F90D41BBCF75}"
EndProject
Project("{FAE04EC0-301F-11D3-BF4B-00C04F79EFBC}") = "BLL", "BLL\BLL.csproj", "{C31489C3-1495-424E-8FEE-58458062EA49}"
EndProject
Project("{FAE04EC0-301F-11D3-BF4B-00C04F79EFBC}") = "DALMSSQL", "DALMSSQL\DALMSSQL.csproj", "{06B5D54C-C60A-441C-A502-10CD4986E6FC}"
EndProject
Project("{FAE04EC0-301F-11D3-BF4B-00C04F79EFBC}") = "IDAL", "IDAL\IDAL.csproj", "{88D61EAE-A06E-43E1-863F-88B3F5D314BE}"
EndProject
Global
	GlobalSection(SolutionConfigurationPlatforms) = preSolution
		Debug|Any CPU = Debug|Any CPU
		Release|Any CPU = Release|Any CPU
	EndGlobalSection
	GlobalSection(ProjectConfigurationPlatforms) = postSolution
		{44DD1999-AF19-49B8-B122-D3C8019FA83F}.Debug|Any CPU.ActiveCfg = Debug|Any CPU
		{44DD1999-AF19-49B8-B122-D3C8019FA83F}.Debug|Any CPU.Build.0 = Debug|Any CPU
		{44DD1999-AF19-49B8-B122-D3C8019FA83F}.Release|Any CPU.ActiveCfg = Release|Any CPU
		{44DD1999-AF19-49B8-B122-D3C8019FA83F}.Release|Any CPU.Build.0 = Release|Any CPU
		{72834930-35FD-4D80-AFBB-545285A16A75}.Debug|Any CPU.ActiveCfg = Debug|Any CPU
		{72834930-35FD-4D80-AFBB-545285A16A75}.Debug|Any CPU.Build.0 = Debug|Any CPU
		{72834930-35FD-4D80-AFBB-545285A16A75}.Release|Any CPU.ActiveCfg = Release|Any CPU
		{72834930-35FD-4D80-AFBB-545285A16A75}.Release|Any CPU.Build.0 = Release|Any CPU
		{91929338-7E00-482F-AE7D-6E4DADB335EE}.Debug|Any CPU.ActiveCfg = Debug|Any CPU
		{91929338-7E00-482F-AE7D-6E4DADB335EE}.Debug|Any CPU.Build.0 = Debug|Any CPU
		{91929338-7E00-482F-AE7D-6E4DADB335EE}.Release|Any CPU.ActiveCfg = Release|Any CPU
		{91929338-7E00-482F-AE7D-6E4DADB335EE}.Release|Any CPU.Build.0 = Release|Any CPU
		{78BBEB54-8236-43CB-919F-67B1EA8F1ACE}.Debug|Any CPU.ActiveCfg = Debug|Any CPU
		{78BBEB54-8236-43CB-919F-67B1EA8F1ACE}.Debug|Any CPU.Build.0 = Debug|Any CPU
		{78BBEB54-8236-43CB-919F-67B1EA8F1ACE}.Release|Any CPU.ActiveCfg = Release|Any CPU
		{78BBEB54-8236-43CB-919F-67B1EA8F1ACE}.Release|Any CPU.Build.0 = Release|Any CPU
		{AADC9D71-E35E-4E05-BC2D-7FEB18786337}.Debug|Any CPU.ActiveCfg = Debug|Any CPU
		{AADC9D71-E35E-4E05-BC2D-7FEB18786337}.Debug|Any CPU.Build.0 = Debug|Any CPU
		{AADC9D71-E35E-4E05-BC2D-7FEB18786337}.Release|Any CPU.ActiveCfg = Release|Any CPU
		{AADC9D71-E35E-4E05-BC2D-7FEB18786337}.Release|Any CPU.Build.0 = Release|Any CPU
		{7F17F35F-3CE3-4D8B-B79C-F90D41BBCF75}.Debug|Any CPU.ActiveCfg = Debug|Any CPU
		{7F17F35F-3CE3-4D8B-B79C-F90D41BBCF75}.Debug|Any CPU.Build.0 = Debug|Any CPU
		{7F17F35F-3CE3-4D8B-B79C-F90D41BBCF75}.Release|Any CPU.ActiveCfg = Release|Any CPU
		{7F17F35F-3CE3-4D8B-B79C-F90D41BBCF75}.Release|Any CPU.Build.0 = Release|Any CPU
		{C31489C3-1495-424E-8FEE-58458062EA49}.Debug|Any CPU.ActiveCfg = Debug|Any CPU
		{C31489C3-1495-424E-8FEE-58458062EA49}.Debug|Any CPU.Build.0 = Debug|Any CPU
		{C31489C3-1495-424E-8FEE-58458062EA49}.Release|Any CPU.ActiveCfg = Release|Any CPU
		{C31489C3-1495-424E-8FEE-58458062EA49}.Release|Any CPU.Build.0 = Release|Any CPU
		{06B5D54C-C60A-441C-A502-10CD4986E6FC}.Debug|Any CPU.ActiveCfg = Debug|Any CPU
		{06B5D54C-C60A-441C-A502-10CD4986E6FC}.Debug|Any CPU.Build.0 = Debug|Any CPU
		{06B5D54C-C60A-441C-A502-10CD4986E6FC}.Release|Any CPU.ActiveCfg = Release|Any CPU
		{06B5D54C-C60A-441C-A502-10CD4986E6FC}.Release|Any CPU.Build.0 = Release|Any CPU
		{88D61EAE-A06E-43E1-863F-88B3F5D314BE}.Debug|Any CPU.ActiveCfg = Debug|Any CPU
		{88D61EAE-A06E-43E1-863F-88B3F5D314BE}.Debug|Any CPU.Build.0 = Debug|Any CPU
		{88D61EAE-A06E-43E1-863F-88B3F5D314BE}.Release|Any CPU.ActiveCfg = Release|Any CPU
		{88D61EAE-A06E-43E1-863F-88B3F5D314BE}.Release|Any CPU.Build.0 = Release|Any CPU
	EndGlobalSection
	GlobalSection(SolutionProperties) = preSolution
		HideSolutionNode = FALSE
	EndGlobalSection
EndGlobal
